uuid: 23d63d8b-8875-4f06-8c12-b1035cafbb3c
langcode: en
status: true
dependencies:
  module:
    - paragraphs
    - text
id: paragraph.field_bundle_investor_text_block
field_name: field_bundle_investor_text_block
entity_type: paragraph
type: text_long
settings: {  }
module: text
locked: false
cardinality: 1
translatable: true
indexes: {  }
persist_with_no_fields: false
custom_storage: false
