uuid: 55730a97-8bba-49fd-955d-42d3128041ef
langcode: en
status: true
dependencies:
  module:
    - paragraphs
    - views
    - viewsreference
id: paragraph.field_case_block
field_name: field_case_block
entity_type: paragraph
type: viewsreference
settings:
  target_type: view
module: viewsreference
locked: false
cardinality: -1
translatable: true
indexes: {  }
persist_with_no_fields: false
custom_storage: false
